# THIS IS AN AUTOGENERATED FILE. DO NOT EDIT THIS FILE DIRECTLY.
# yarn lockfile v1


"@types/convert-string@^0.1.1":
  version "0.1.1"
  resolved "https://registry.yarnpkg.com/@types/convert-string/-/convert-string-0.1.1.tgz#547ae99697289a6481e85671848c2266b0a27554"
  integrity sha512-lHktaDvzqj6MPnrPB089kaiCe0ZwELOcXEq6RhuqtrOHANB4k9Plbuzhpi35iecDpzbhNNoXNPDwQBDfXUQymQ==
