Microsoft Visual Studio Solution File, Format Version 12.00
# Visual Studio Version 16
VisualStudioVersion = 16.0.0.0
MinimumVisualStudioVersion = 16.0.0.0
Project("{9A19103F-16F7-4668-BE54-9A1E7A4F7556}") = "PoligonosAppBlazorHybridApp", "PoligonosAppBlazorHybridApp\PoligonosAppBlazorHybridApp.csproj", "{197C513D-E497-401D-B3BC-B1D67EA4A4EF}"
EndProject
Project("{FAE04EC0-301F-11D3-BF4B-00C04F79EFBC}") = "PoligonosAppBlazorHybridApp.Android", "PoligonosAppBlazorHybridApp.Android\PoligonosAppBlazorHybridApp.Android.csproj", "{5DC03304-F77D-4DD7-B712-E80F2EAE6E10}"
EndProject
Project("{FAE04EC0-301F-11D3-BF4B-00C04F79EFBC}") = "PoligonosAppBlazorHybridApp.iOS", "PoligonosAppBlazorHybridApp.iOS\PoligonosAppBlazorHybridApp.iOS.csproj", "{E76184EF-88BF-4D96-8523-BF955F92D7EB}"
EndProject
Project("{FAE04EC0-301F-11D3-BF4B-00C04F79EFBC}") = "PoligonosAppBlazorHybridApp.Windows", "PoligonosAppBlazorHybridApp.Windows\PoligonosAppBlazorHybridApp.Windows.csproj", "{EC876026-F5E1-4B4F-B4C2-CC3310524C00}"
EndProject
Project("{FAE04EC0-301F-11D3-BF4B-00C04F79EFBC}") = "PoligonosAppBlazorHybridApp.macOS", "PoligonosAppBlazorHybridApp.macOS\PoligonosAppBlazorHybridApp.macOS.csproj", "{D2C729F8-E222-446D-913B-2D17D1E82918}"
EndProject
Global
	GlobalSection(SolutionConfigurationPlatforms) = preSolution
		Debug|Any CPU = Debug|Any CPU
		Debug|iPhone = Debug|iPhone
		Debug|iPhoneSimulator = Debug|iPhoneSimulator
		Debug|x64 = Debug|x64
		Debug|x86 = Debug|x86
		Release|Any CPU = Release|Any CPU
		Release|iPhone = Release|iPhone
		Release|iPhoneSimulator = Release|iPhoneSimulator
		Release|x64 = Release|x64
		Release|x86 = Release|x86
	EndGlobalSection
	GlobalSection(ProjectConfigurationPlatforms) = postSolution
		{5DC03304-F77D-4DD7-B712-E80F2EAE6E10}.Debug|Any CPU.ActiveCfg = Debug|Any CPU
		{5DC03304-F77D-4DD7-B712-E80F2EAE6E10}.Debug|Any CPU.Build.0 = Debug|Any CPU
		{5DC03304-F77D-4DD7-B712-E80F2EAE6E10}.Debug|Any CPU.Deploy.0 = Debug|Any CPU
		{5DC03304-F77D-4DD7-B712-E80F2EAE6E10}.Debug|iPhone.ActiveCfg = Debug|Any CPU
		{5DC03304-F77D-4DD7-B712-E80F2EAE6E10}.Debug|iPhone.Build.0 = Debug|Any CPU
		{5DC03304-F77D-4DD7-B712-E80F2EAE6E10}.Debug|iPhone.Deploy.0 = Debug|Any CPU
		{5DC03304-F77D-4DD7-B712-E80F2EAE6E10}.Debug|iPhoneSimulator.ActiveCfg = Debug|Any CPU
		{5DC03304-F77D-4DD7-B712-E80F2EAE6E10}.Debug|iPhoneSimulator.Build.0 = Debug|Any CPU
		{5DC03304-F77D-4DD7-B712-E80F2EAE6E10}.Debug|iPhoneSimulator.Deploy.0 = Debug|Any CPU
		{5DC03304-F77D-4DD7-B712-E80F2EAE6E10}.Debug|x64.ActiveCfg = Debug|Any CPU
		{5DC03304-F77D-4DD7-B712-E80F2EAE6E10}.Debug|x64.Build.0 = Debug|Any CPU
		{5DC03304-F77D-4DD7-B712-E80F2EAE6E10}.Debug|x64.Deploy.0 = Debug|Any CPU
		{5DC03304-F77D-4DD7-B712-E80F2EAE6E10}.Debug|x86.ActiveCfg = Debug|Any CPU
		{5DC03304-F77D-4DD7-B712-E80F2EAE6E10}.Debug|x86.Build.0 = Debug|Any CPU
		{5DC03304-F77D-4DD7-B712-E80F2EAE6E10}.Debug|x86.Deploy.0 = Debug|Any CPU
		{5DC03304-F77D-4DD7-B712-E80F2EAE6E10}.Release|Any CPU.ActiveCfg = Release|Any CPU
		{5DC03304-F77D-4DD7-B712-E80F2EAE6E10}.Release|Any CPU.Build.0 = Release|Any CPU
		{5DC03304-F77D-4DD7-B712-E80F2EAE6E10}.Release|Any CPU.Deploy.0 = Release|Any CPU
		{5DC03304-F77D-4DD7-B712-E80F2EAE6E10}.Release|iPhone.ActiveCfg = Release|Any CPU
		{5DC03304-F77D-4DD7-B712-E80F2EAE6E10}.Release|iPhone.Build.0 = Release|Any CPU
		{5DC03304-F77D-4DD7-B712-E80F2EAE6E10}.Release|iPhone.Deploy.0 = Release|Any CPU
		{5DC03304-F77D-4DD7-B712-E80F2EAE6E10}.Release|iPhoneSimulator.ActiveCfg = Release|Any CPU
		{5DC03304-F77D-4DD7-B712-E80F2EAE6E10}.Release|iPhoneSimulator.Build.0 = Release|Any CPU
		{5DC03304-F77D-4DD7-B712-E80F2EAE6E10}.Release|iPhoneSimulator.Deploy.0 = Release|Any CPU
		{5DC03304-F77D-4DD7-B712-E80F2EAE6E10}.Release|x64.ActiveCfg = Release|Any CPU
		{5DC03304-F77D-4DD7-B712-E80F2EAE6E10}.Release|x64.Build.0 = Release|Any CPU
		{5DC03304-F77D-4DD7-B712-E80F2EAE6E10}.Release|x64.Deploy.0 = Release|Any CPU
		{5DC03304-F77D-4DD7-B712-E80F2EAE6E10}.Release|x86.ActiveCfg = Release|Any CPU
		{5DC03304-F77D-4DD7-B712-E80F2EAE6E10}.Release|x86.Build.0 = Release|Any CPU
		{5DC03304-F77D-4DD7-B712-E80F2EAE6E10}.Release|x86.Deploy.0 = Release|Any CPU
		{197C513D-E497-401D-B3BC-B1D67EA4A4EF}.Debug|Any CPU.ActiveCfg = Debug|Any CPU
		{197C513D-E497-401D-B3BC-B1D67EA4A4EF}.Debug|Any CPU.Build.0 = Debug|Any CPU
		{197C513D-E497-401D-B3BC-B1D67EA4A4EF}.Debug|iPhone.ActiveCfg = Debug|Any CPU
		{197C513D-E497-401D-B3BC-B1D67EA4A4EF}.Debug|iPhone.Build.0 = Debug|Any CPU
		{197C513D-E497-401D-B3BC-B1D67EA4A4EF}.Debug|iPhoneSimulator.ActiveCfg = Debug|Any CPU
		{197C513D-E497-401D-B3BC-B1D67EA4A4EF}.Debug|iPhoneSimulator.Build.0 = Debug|Any CPU
		{197C513D-E497-401D-B3BC-B1D67EA4A4EF}.Debug|x64.ActiveCfg = Debug|Any CPU
		{197C513D-E497-401D-B3BC-B1D67EA4A4EF}.Debug|x64.Build.0 = Debug|Any CPU
		{197C513D-E497-401D-B3BC-B1D67EA4A4EF}.Debug|x86.ActiveCfg = Debug|Any CPU
		{197C513D-E497-401D-B3BC-B1D67EA4A4EF}.Debug|x86.Build.0 = Debug|Any CPU
		{197C513D-E497-401D-B3BC-B1D67EA4A4EF}.Release|Any CPU.ActiveCfg = Release|Any CPU
		{197C513D-E497-401D-B3BC-B1D67EA4A4EF}.Release|Any CPU.Build.0 = Release|Any CPU
		{197C513D-E497-401D-B3BC-B1D67EA4A4EF}.Release|iPhone.ActiveCfg = Release|Any CPU
		{197C513D-E497-401D-B3BC-B1D67EA4A4EF}.Release|iPhone.Build.0 = Release|Any CPU
		{197C513D-E497-401D-B3BC-B1D67EA4A4EF}.Release|iPhoneSimulator.ActiveCfg = Release|Any CPU
		{197C513D-E497-401D-B3BC-B1D67EA4A4EF}.Release|iPhoneSimulator.Build.0 = Release|Any CPU
		{197C513D-E497-401D-B3BC-B1D67EA4A4EF}.Release|x64.ActiveCfg = Release|Any CPU
		{197C513D-E497-401D-B3BC-B1D67EA4A4EF}.Release|x64.Build.0 = Release|Any CPU
		{197C513D-E497-401D-B3BC-B1D67EA4A4EF}.Release|x86.ActiveCfg = Release|Any CPU
		{197C513D-E497-401D-B3BC-B1D67EA4A4EF}.Release|x86.Build.0 = Release|Any CPU
		{E76184EF-88BF-4D96-8523-BF955F92D7EB}.Debug|Any CPU.ActiveCfg = Debug|iPhone
		{E76184EF-88BF-4D96-8523-BF955F92D7EB}.Debug|iPhone.ActiveCfg = Debug|iPhone
		{E76184EF-88BF-4D96-8523-BF955F92D7EB}.Debug|iPhone.Build.0 = Debug|iPhone
		{E76184EF-88BF-4D96-8523-BF955F92D7EB}.Debug|iPhoneSimulator.ActiveCfg = Debug|iPhoneSimulator
		{E76184EF-88BF-4D96-8523-BF955F92D7EB}.Debug|iPhoneSimulator.Build.0 = Debug|iPhoneSimulator
		{E76184EF-88BF-4D96-8523-BF955F92D7EB}.Debug|x64.ActiveCfg = Debug|iPhone
		{E76184EF-88BF-4D96-8523-BF955F92D7EB}.Debug|x86.ActiveCfg = Debug|iPhone
		{E76184EF-88BF-4D96-8523-BF955F92D7EB}.Release|Any CPU.ActiveCfg = Release|iPhone
		{E76184EF-88BF-4D96-8523-BF955F92D7EB}.Release|iPhone.ActiveCfg = Release|iPhone
		{E76184EF-88BF-4D96-8523-BF955F92D7EB}.Release|iPhone.Build.0 = Release|iPhone
		{E76184EF-88BF-4D96-8523-BF955F92D7EB}.Release|iPhoneSimulator.ActiveCfg = Release|iPhoneSimulator
		{E76184EF-88BF-4D96-8523-BF955F92D7EB}.Release|iPhoneSimulator.Build.0 = Release|iPhoneSimulator
		{E76184EF-88BF-4D96-8523-BF955F92D7EB}.Release|x64.ActiveCfg = Release|iPhone
		{E76184EF-88BF-4D96-8523-BF955F92D7EB}.Release|x86.ActiveCfg = Release|iPhone
		{EC876026-F5E1-4B4F-B4C2-CC3310524C00}.Debug|Any CPU.ActiveCfg = Debug|Any CPU
		{EC876026-F5E1-4B4F-B4C2-CC3310524C00}.Debug|Any CPU.Build.0 = Debug|Any CPU
		{EC876026-F5E1-4B4F-B4C2-CC3310524C00}.Debug|iPhone.ActiveCfg = Debug|Any CPU
		{EC876026-F5E1-4B4F-B4C2-CC3310524C00}.Debug|iPhone.Build.0 = Debug|Any CPU
		{EC876026-F5E1-4B4F-B4C2-CC3310524C00}.Debug|iPhoneSimulator.ActiveCfg = Debug|Any CPU
		{EC876026-F5E1-4B4F-B4C2-CC3310524C00}.Debug|iPhoneSimulator.Build.0 = Debug|Any CPU
		{EC876026-F5E1-4B4F-B4C2-CC3310524C00}.Release|Any CPU.ActiveCfg = Release|Any CPU
		{EC876026-F5E1-4B4F-B4C2-CC3310524C00}.Release|Any CPU.Build.0 = Release|Any CPU
		{EC876026-F5E1-4B4F-B4C2-CC3310524C00}.Release|iPhone.ActiveCfg = Release|Any CPU
		{EC876026-F5E1-4B4F-B4C2-CC3310524C00}.Release|iPhone.Build.0 = Release|Any CPU
		{EC876026-F5E1-4B4F-B4C2-CC3310524C00}.Release|iPhoneSimulator.ActiveCfg = Release|Any CPU
		{EC876026-F5E1-4B4F-B4C2-CC3310524C00}.Release|iPhoneSimulator.Build.0 = Release|Any CPU
		{D2C729F8-E222-446D-913B-2D17D1E82918}.Debug|Any CPU.ActiveCfg = Debug|Any CPU
		{D2C729F8-E222-446D-913B-2D17D1E82918}.Debug|Any CPU.Build.0 = Debug|Any CPU
		{D2C729F8-E222-446D-913B-2D17D1E82918}.Debug|iPhone.ActiveCfg = Debug|Any CPU
		{D2C729F8-E222-446D-913B-2D17D1E82918}.Debug|iPhone.Build.0 = Debug|Any CPU
		{D2C729F8-E222-446D-913B-2D17D1E82918}.Debug|iPhoneSimulator.ActiveCfg = Debug|Any CPU
		{D2C729F8-E222-446D-913B-2D17D1E82918}.Debug|iPhoneSimulator.Build.0 = Debug|Any CPU
		{D2C729F8-E222-446D-913B-2D17D1E82918}.Release|Any CPU.ActiveCfg = Release|Any CPU
		{D2C729F8-E222-446D-913B-2D17D1E82918}.Release|Any CPU.Build.0 = Release|Any CPU
		{D2C729F8-E222-446D-913B-2D17D1E82918}.Release|iPhone.ActiveCfg = Release|Any CPU
		{D2C729F8-E222-446D-913B-2D17D1E82918}.Release|iPhone.Build.0 = Release|Any CPU
		{D2C729F8-E222-446D-913B-2D17D1E82918}.Release|iPhoneSimulator.ActiveCfg = Release|Any CPU
		{D2C729F8-E222-446D-913B-2D17D1E82918}.Release|iPhoneSimulator.Build.0 = Release|Any CPU
	EndGlobalSection
	GlobalSection(SolutionProperties) = preSolution
		HideSolutionNode = FALSE
	EndGlobalSection
	GlobalSection(ExtensibilityGlobals) = postSolution
		SolutionGuid = {3AEE628B-E470-4AA4-B125-C7508347B937}
	EndGlobalSection
EndGlobal
